
Microsoft Visual Studio Solution File, Format Version 12.00
# Visual Studio Version 17
VisualStudioVersion = 17.12.35707.178
MinimumVisualStudioVersion = 10.0.40219.1
Project("{FAE04EC0-301F-11D3-BF4B-00C04F79EFBC}") = "Task2_7", "Task2_7\Task2_7.csproj", "{C2B7190C-F188-4D10-BEC2-F4C7937CD639}"
EndProject
Project("{FAE04EC0-301F-11D3-BF4B-00C04F79EFBC}") = "Task1_1", "Task1_1\Task1_1.csproj", "{1BED9F06-3660-4AE4-9B38-CBD97BE94FAD}"
EndProject
Project("{FAE04EC0-301F-11D3-BF4B-00C04F79EFBC}") = "Task2_1", "Task2_1\Task2_1.csproj", "{67FF7124-9AD7-49E6-947B-C39BED535B89}"
EndProject
Project("{FAE04EC0-301F-11D3-BF4B-00C04F79EFBC}") = "Task2_2", "Task2_2\Task2_2.csproj", "{14573B34-00B9-42F0-9E4B-FADE56A6D3F0}"
EndProject
Project("{FAE04EC0-301F-11D3-BF4B-00C04F79EFBC}") = "Task2_3", "Task2_3\Task2_3.csproj", "{1CB14E5E-E79D-41B6-B984-9FE376C8411F}"
EndProject
Project("{FAE04EC0-301F-11D3-BF4B-00C04F79EFBC}") = "Task2_4", "Task2_4\Task2_4.csproj", "{048EEABE-2386-4432-A881-A4007B8F7904}"
EndProject
Project("{FAE04EC0-301F-11D3-BF4B-00C04F79EFBC}") = "Task2_5", "Task2_5\Task2_5.csproj", "{319840B2-1582-4C75-8834-09F3616B1A7C}"
EndProject
Project("{FAE04EC0-301F-11D3-BF4B-00C04F79EFBC}") = "Task2_6", "Task2_6\Task2_6.csproj", "{66D3D050-111D-43B7-AE57-B25E6140891F}"
EndProject
Project("{FAE04EC0-301F-11D3-BF4B-00C04F79EFBC}") = "Task3_1", "Task3_1\Task3_1.csproj", "{E9A550CB-928F-4C40-8599-7D80F28BAE9C}"
EndProject
Project("{FAE04EC0-301F-11D3-BF4B-00C04F79EFBC}") = "Task3_2,4", "Task3_2,4\Task3_2,4.csproj", "{7FDE4024-FC61-4AD4-AFB8-E77340436761}"
EndProject
Project("{FAE04EC0-301F-11D3-BF4B-00C04F79EFBC}") = "Task3_3", "Task3_3\Task3_3.csproj", "{7CC73349-9EE4-4CC3-980B-BC8157B8AF96}"
EndProject
Project("{FAE04EC0-301F-11D3-BF4B-00C04F79EFBC}") = "Task3_5,6,7,8,9", "Task3_5,6,7,8,9\Task3_5,6,7,8,9.csproj", "{31A3FDD1-72D6-405E-836F-D913DB46F0A1}"
EndProject
Project("{FAE04EC0-301F-11D3-BF4B-00C04F79EFBC}") = "Task3_10", "Task3_10\Task3_10.csproj", "{C1CFDE53-DD7E-4ABF-85CB-D8D7170932E6}"
EndProject
Project("{FAE04EC0-301F-11D3-BF4B-00C04F79EFBC}") = "Task3_11", "Task3_11\Task3_11.csproj", "{848E42BA-EEC5-46A8-BC6B-A591233A2546}"
EndProject
Project("{FAE04EC0-301F-11D3-BF4B-00C04F79EFBC}") = "Task3_12", "Task3_12\Task3_12.csproj", "{C00D9DE9-C5B4-4E95-8881-D9708FB38656}"
EndProject
Project("{FAE04EC0-301F-11D3-BF4B-00C04F79EFBC}") = "Task4_1", "Task4_1\Task4_1.csproj", "{BE9C5366-865E-4350-A3AD-850E47F7697C}"
EndProject
Project("{FAE04EC0-301F-11D3-BF4B-00C04F79EFBC}") = "Task4_2", "Task4_2\Task4_2.csproj", "{36FD2A52-5050-4F87-9D31-1F3FAFE1FD82}"
EndProject
Project("{FAE04EC0-301F-11D3-BF4B-00C04F79EFBC}") = "Task4_3", "Task4_3\Task4_3.csproj", "{D740CFF8-0CC6-4FE7-95A8-A9D57F8A8E34}"
EndProject
Project("{FAE04EC0-301F-11D3-BF4B-00C04F79EFBC}") = "Task4_4", "Task4_4\Task4_4.csproj", "{157C8F39-E7A8-4DFB-B56C-F6B98A3AEC39}"
EndProject
Project("{FAE04EC0-301F-11D3-BF4B-00C04F79EFBC}") = "Task4_5", "Task4_5\Task4_5.csproj", "{5BDBD744-983B-479C-858C-EE91D46203A9}"
EndProject
Project("{FAE04EC0-301F-11D3-BF4B-00C04F79EFBC}") = "Task4_6", "Task4_6\Task4_6.csproj", "{064FFBA6-FB65-4AAB-947B-B8895605FC96}"
EndProject
Project("{FAE04EC0-301F-11D3-BF4B-00C04F79EFBC}") = "Task4_7", "Task4_7\Task4_7.csproj", "{B4E2057B-BBB2-4344-A408-5848A7320516}"
EndProject
Project("{FAE04EC0-301F-11D3-BF4B-00C04F79EFBC}") = "Task4_8", "Task4_8\Task4_8.csproj", "{23A9F93F-D4CF-4636-A3F5-A122491FC15D}"
EndProject
Project("{FAE04EC0-301F-11D3-BF4B-00C04F79EFBC}") = "Task5_1", "Task5_1\Task5_1.csproj", "{1DA4D835-D509-49B7-B274-5EA8F926A1A8}"
EndProject
Project("{FAE04EC0-301F-11D3-BF4B-00C04F79EFBC}") = "Task5_2", "Task5_2\Task5_2.csproj", "{557A0B86-F4F2-4DA1-8F8B-FEAAC0A193F2}"
EndProject
Project("{FAE04EC0-301F-11D3-BF4B-00C04F79EFBC}") = "Task5_3", "Task5_3\Task5_3.csproj", "{9B6B737B-6902-4ACA-A4F6-3D8FDD09573F}"
EndProject
Project("{FAE04EC0-301F-11D3-BF4B-00C04F79EFBC}") = "Task5_4", "Task5_4\Task5_4.csproj", "{34099453-6D7B-4829-8917-7CB958F75426}"
EndProject
Project("{FAE04EC0-301F-11D3-BF4B-00C04F79EFBC}") = "Task5_5", "Task5_5\Task5_5.csproj", "{CB54864B-B7D1-444B-96CA-C67E69ABE03A}"
EndProject
Project("{FAE04EC0-301F-11D3-BF4B-00C04F79EFBC}") = "Task5_6", "Task5_6\Task5_6.csproj", "{B54798D5-8B21-46A3-82DB-7E6C5C389A94}"
EndProject
Project("{FAE04EC0-301F-11D3-BF4B-00C04F79EFBC}") = "Task5_7", "Task5_7\Task5_7.csproj", "{103153AF-3E5D-432B-AAE9-50E84B311F04}"
EndProject
Project("{FAE04EC0-301F-11D3-BF4B-00C04F79EFBC}") = "Task5_8", "Task5_8\Task5_8.csproj", "{A810CA74-F7CB-4518-B64A-08BFDCB37992}"
EndProject
Project("{FAE04EC0-301F-11D3-BF4B-00C04F79EFBC}") = "Task5_9", "Task5_9\Task5_9.csproj", "{7A219BCE-2BCC-42CA-B1B4-8C941C068654}"
EndProject
Project("{FAE04EC0-301F-11D3-BF4B-00C04F79EFBC}") = "Task5_10", "Task5_10\Task5_10.csproj", "{1C0E3B26-C416-490B-8090-44862DE58EDD}"
EndProject
Project("{FAE04EC0-301F-11D3-BF4B-00C04F79EFBC}") = "Task6_1", "Task6_1\Task6_1.csproj", "{479A7CD7-F70F-4D8D-8918-09FD76095A95}"
EndProject
Project("{FAE04EC0-301F-11D3-BF4B-00C04F79EFBC}") = "Task6_2", "Task6_2\Task6_2.csproj", "{404EF295-066E-477B-8518-BD1B6B241472}"
EndProject
Project("{FAE04EC0-301F-11D3-BF4B-00C04F79EFBC}") = "Task6_3", "Task6_3\Task6_3.csproj", "{471FB2DA-A1ED-48A5-A7E7-5F2E4C9A07CB}"
EndProject
Project("{FAE04EC0-301F-11D3-BF4B-00C04F79EFBC}") = "Task6_4", "Task6_4\Task6_4.csproj", "{BFA6A7F6-B4EA-44E4-A90B-C0F0510346E2}"
EndProject
Project("{FAE04EC0-301F-11D3-BF4B-00C04F79EFBC}") = "Task6_5", "Task6_5\Task6_5.csproj", "{8B31FD86-36BE-484E-AF61-B0075B64B265}"
EndProject
Project("{FAE04EC0-301F-11D3-BF4B-00C04F79EFBC}") = "Task6_6", "Task6_6\Task6_6.csproj", "{66A0A750-1B16-4E8C-8CF8-310D547B8677}"
EndProject
Project("{FAE04EC0-301F-11D3-BF4B-00C04F79EFBC}") = "Task6_6a", "Task6_6a\Task6_6a.csproj", "{5EE63107-8B44-4276-A71D-171E89C09120}"
EndProject
Project("{FAE04EC0-301F-11D3-BF4B-00C04F79EFBC}") = "Task7_1", "Task7_1\Task7_1.csproj", "{FADEA628-F0A1-439D-BD08-A96A6C85B202}"
EndProject
Project("{FAE04EC0-301F-11D3-BF4B-00C04F79EFBC}") = "Task7_2", "Task7_2\Task7_2.csproj", "{1A325E93-4B78-4468-A2FC-F2BCE5EB9788}"
EndProject
Project("{FAE04EC0-301F-11D3-BF4B-00C04F79EFBC}") = "Task7_3", "Task7_3\Task7_3.csproj", "{7A8B1252-E48D-44D5-A221-DC7AFEF28D2B}"
EndProject
Project("{FAE04EC0-301F-11D3-BF4B-00C04F79EFBC}") = "Task7_4", "Task7_4\Task7_4.csproj", "{EC911495-DC42-4808-ABFF-FFFDD2B7AE92}"
EndProject
Project("{FAE04EC0-301F-11D3-BF4B-00C04F79EFBC}") = "Task7_5", "Task7_5\Task7_5.csproj", "{2F7E26F1-5B64-42AF-9FF8-63E834E544F8}"
EndProject
Global
	GlobalSection(SolutionConfigurationPlatforms) = preSolution
		Debug|Any CPU = Debug|Any CPU
		Release|Any CPU = Release|Any CPU
	EndGlobalSection
	GlobalSection(ProjectConfigurationPlatforms) = postSolution
		{C2B7190C-F188-4D10-BEC2-F4C7937CD639}.Debug|Any CPU.ActiveCfg = Debug|Any CPU
		{C2B7190C-F188-4D10-BEC2-F4C7937CD639}.Debug|Any CPU.Build.0 = Debug|Any CPU
		{C2B7190C-F188-4D10-BEC2-F4C7937CD639}.Release|Any CPU.ActiveCfg = Release|Any CPU
		{C2B7190C-F188-4D10-BEC2-F4C7937CD639}.Release|Any CPU.Build.0 = Release|Any CPU
		{1BED9F06-3660-4AE4-9B38-CBD97BE94FAD}.Debug|Any CPU.ActiveCfg = Debug|Any CPU
		{1BED9F06-3660-4AE4-9B38-CBD97BE94FAD}.Debug|Any CPU.Build.0 = Debug|Any CPU
		{1BED9F06-3660-4AE4-9B38-CBD97BE94FAD}.Release|Any CPU.ActiveCfg = Release|Any CPU
		{1BED9F06-3660-4AE4-9B38-CBD97BE94FAD}.Release|Any CPU.Build.0 = Release|Any CPU
		{67FF7124-9AD7-49E6-947B-C39BED535B89}.Debug|Any CPU.ActiveCfg = Debug|Any CPU
		{67FF7124-9AD7-49E6-947B-C39BED535B89}.Debug|Any CPU.Build.0 = Debug|Any CPU
		{67FF7124-9AD7-49E6-947B-C39BED535B89}.Release|Any CPU.ActiveCfg = Release|Any CPU
		{67FF7124-9AD7-49E6-947B-C39BED535B89}.Release|Any CPU.Build.0 = Release|Any CPU
		{14573B34-00B9-42F0-9E4B-FADE56A6D3F0}.Debug|Any CPU.ActiveCfg = Debug|Any CPU
		{14573B34-00B9-42F0-9E4B-FADE56A6D3F0}.Debug|Any CPU.Build.0 = Debug|Any CPU
		{14573B34-00B9-42F0-9E4B-FADE56A6D3F0}.Release|Any CPU.ActiveCfg = Release|Any CPU
		{14573B34-00B9-42F0-9E4B-FADE56A6D3F0}.Release|Any CPU.Build.0 = Release|Any CPU
		{1CB14E5E-E79D-41B6-B984-9FE376C8411F}.Debug|Any CPU.ActiveCfg = Debug|Any CPU
		{1CB14E5E-E79D-41B6-B984-9FE376C8411F}.Debug|Any CPU.Build.0 = Debug|Any CPU
		{1CB14E5E-E79D-41B6-B984-9FE376C8411F}.Release|Any CPU.ActiveCfg = Release|Any CPU
		{1CB14E5E-E79D-41B6-B984-9FE376C8411F}.Release|Any CPU.Build.0 = Release|Any CPU
		{048EEABE-2386-4432-A881-A4007B8F7904}.Debug|Any CPU.ActiveCfg = Debug|Any CPU
		{048EEABE-2386-4432-A881-A4007B8F7904}.Debug|Any CPU.Build.0 = Debug|Any CPU
		{048EEABE-2386-4432-A881-A4007B8F7904}.Release|Any CPU.ActiveCfg = Release|Any CPU
		{048EEABE-2386-4432-A881-A4007B8F7904}.Release|Any CPU.Build.0 = Release|Any CPU
		{319840B2-1582-4C75-8834-09F3616B1A7C}.Debug|Any CPU.ActiveCfg = Debug|Any CPU
		{319840B2-1582-4C75-8834-09F3616B1A7C}.Debug|Any CPU.Build.0 = Debug|Any CPU
		{319840B2-1582-4C75-8834-09F3616B1A7C}.Release|Any CPU.ActiveCfg = Release|Any CPU
		{319840B2-1582-4C75-8834-09F3616B1A7C}.Release|Any CPU.Build.0 = Release|Any CPU
		{66D3D050-111D-43B7-AE57-B25E6140891F}.Debug|Any CPU.ActiveCfg = Debug|Any CPU
		{66D3D050-111D-43B7-AE57-B25E6140891F}.Debug|Any CPU.Build.0 = Debug|Any CPU
		{66D3D050-111D-43B7-AE57-B25E6140891F}.Release|Any CPU.ActiveCfg = Release|Any CPU
		{66D3D050-111D-43B7-AE57-B25E6140891F}.Release|Any CPU.Build.0 = Release|Any CPU
		{E9A550CB-928F-4C40-8599-7D80F28BAE9C}.Debug|Any CPU.ActiveCfg = Debug|Any CPU
		{E9A550CB-928F-4C40-8599-7D80F28BAE9C}.Debug|Any CPU.Build.0 = Debug|Any CPU
		{E9A550CB-928F-4C40-8599-7D80F28BAE9C}.Release|Any CPU.ActiveCfg = Release|Any CPU
		{E9A550CB-928F-4C40-8599-7D80F28BAE9C}.Release|Any CPU.Build.0 = Release|Any CPU
		{7FDE4024-FC61-4AD4-AFB8-E77340436761}.Debug|Any CPU.ActiveCfg = Debug|Any CPU
		{7FDE4024-FC61-4AD4-AFB8-E77340436761}.Debug|Any CPU.Build.0 = Debug|Any CPU
		{7FDE4024-FC61-4AD4-AFB8-E77340436761}.Release|Any CPU.ActiveCfg = Release|Any CPU
		{7FDE4024-FC61-4AD4-AFB8-E77340436761}.Release|Any CPU.Build.0 = Release|Any CPU
		{7CC73349-9EE4-4CC3-980B-BC8157B8AF96}.Debug|Any CPU.ActiveCfg = Debug|Any CPU
		{7CC73349-9EE4-4CC3-980B-BC8157B8AF96}.Debug|Any CPU.Build.0 = Debug|Any CPU
		{7CC73349-9EE4-4CC3-980B-BC8157B8AF96}.Release|Any CPU.ActiveCfg = Release|Any CPU
		{7CC73349-9EE4-4CC3-980B-BC8157B8AF96}.Release|Any CPU.Build.0 = Release|Any CPU
		{31A3FDD1-72D6-405E-836F-D913DB46F0A1}.Debug|Any CPU.ActiveCfg = Debug|Any CPU
		{31A3FDD1-72D6-405E-836F-D913DB46F0A1}.Debug|Any CPU.Build.0 = Debug|Any CPU
		{31A3FDD1-72D6-405E-836F-D913DB46F0A1}.Release|Any CPU.ActiveCfg = Release|Any CPU
		{31A3FDD1-72D6-405E-836F-D913DB46F0A1}.Release|Any CPU.Build.0 = Release|Any CPU
		{C1CFDE53-DD7E-4ABF-85CB-D8D7170932E6}.Debug|Any CPU.ActiveCfg = Debug|Any CPU
		{C1CFDE53-DD7E-4ABF-85CB-D8D7170932E6}.Debug|Any CPU.Build.0 = Debug|Any CPU
		{C1CFDE53-DD7E-4ABF-85CB-D8D7170932E6}.Release|Any CPU.ActiveCfg = Release|Any CPU
		{C1CFDE53-DD7E-4ABF-85CB-D8D7170932E6}.Release|Any CPU.Build.0 = Release|Any CPU
		{848E42BA-EEC5-46A8-BC6B-A591233A2546}.Debug|Any CPU.ActiveCfg = Debug|Any CPU
		{848E42BA-EEC5-46A8-BC6B-A591233A2546}.Debug|Any CPU.Build.0 = Debug|Any CPU
		{848E42BA-EEC5-46A8-BC6B-A591233A2546}.Release|Any CPU.ActiveCfg = Release|Any CPU
		{848E42BA-EEC5-46A8-BC6B-A591233A2546}.Release|Any CPU.Build.0 = Release|Any CPU
		{C00D9DE9-C5B4-4E95-8881-D9708FB38656}.Debug|Any CPU.ActiveCfg = Debug|Any CPU
		{C00D9DE9-C5B4-4E95-8881-D9708FB38656}.Debug|Any CPU.Build.0 = Debug|Any CPU
		{C00D9DE9-C5B4-4E95-8881-D9708FB38656}.Release|Any CPU.ActiveCfg = Release|Any CPU
		{C00D9DE9-C5B4-4E95-8881-D9708FB38656}.Release|Any CPU.Build.0 = Release|Any CPU
		{BE9C5366-865E-4350-A3AD-850E47F7697C}.Debug|Any CPU.ActiveCfg = Debug|Any CPU
		{BE9C5366-865E-4350-A3AD-850E47F7697C}.Debug|Any CPU.Build.0 = Debug|Any CPU
		{BE9C5366-865E-4350-A3AD-850E47F7697C}.Release|Any CPU.ActiveCfg = Release|Any CPU
		{BE9C5366-865E-4350-A3AD-850E47F7697C}.Release|Any CPU.Build.0 = Release|Any CPU
		{36FD2A52-5050-4F87-9D31-1F3FAFE1FD82}.Debug|Any CPU.ActiveCfg = Debug|Any CPU
		{36FD2A52-5050-4F87-9D31-1F3FAFE1FD82}.Debug|Any CPU.Build.0 = Debug|Any CPU
		{36FD2A52-5050-4F87-9D31-1F3FAFE1FD82}.Release|Any CPU.ActiveCfg = Release|Any CPU
		{36FD2A52-5050-4F87-9D31-1F3FAFE1FD82}.Release|Any CPU.Build.0 = Release|Any CPU
		{D740CFF8-0CC6-4FE7-95A8-A9D57F8A8E34}.Debug|Any CPU.ActiveCfg = Debug|Any CPU
		{D740CFF8-0CC6-4FE7-95A8-A9D57F8A8E34}.Debug|Any CPU.Build.0 = Debug|Any CPU
		{D740CFF8-0CC6-4FE7-95A8-A9D57F8A8E34}.Release|Any CPU.ActiveCfg = Release|Any CPU
		{D740CFF8-0CC6-4FE7-95A8-A9D57F8A8E34}.Release|Any CPU.Build.0 = Release|Any CPU
		{157C8F39-E7A8-4DFB-B56C-F6B98A3AEC39}.Debug|Any CPU.ActiveCfg = Debug|Any CPU
		{157C8F39-E7A8-4DFB-B56C-F6B98A3AEC39}.Debug|Any CPU.Build.0 = Debug|Any CPU
		{157C8F39-E7A8-4DFB-B56C-F6B98A3AEC39}.Release|Any CPU.ActiveCfg = Release|Any CPU
		{157C8F39-E7A8-4DFB-B56C-F6B98A3AEC39}.Release|Any CPU.Build.0 = Release|Any CPU
		{5BDBD744-983B-479C-858C-EE91D46203A9}.Debug|Any CPU.ActiveCfg = Debug|Any CPU
		{5BDBD744-983B-479C-858C-EE91D46203A9}.Debug|Any CPU.Build.0 = Debug|Any CPU
		{5BDBD744-983B-479C-858C-EE91D46203A9}.Release|Any CPU.ActiveCfg = Release|Any CPU
		{5BDBD744-983B-479C-858C-EE91D46203A9}.Release|Any CPU.Build.0 = Release|Any CPU
		{064FFBA6-FB65-4AAB-947B-B8895605FC96}.Debug|Any CPU.ActiveCfg = Debug|Any CPU
		{064FFBA6-FB65-4AAB-947B-B8895605FC96}.Debug|Any CPU.Build.0 = Debug|Any CPU
		{064FFBA6-FB65-4AAB-947B-B8895605FC96}.Release|Any CPU.ActiveCfg = Release|Any CPU
		{064FFBA6-FB65-4AAB-947B-B8895605FC96}.Release|Any CPU.Build.0 = Release|Any CPU
		{B4E2057B-BBB2-4344-A408-5848A7320516}.Debug|Any CPU.ActiveCfg = Debug|Any CPU
		{B4E2057B-BBB2-4344-A408-5848A7320516}.Debug|Any CPU.Build.0 = Debug|Any CPU
		{B4E2057B-BBB2-4344-A408-5848A7320516}.Release|Any CPU.ActiveCfg = Release|Any CPU
		{B4E2057B-BBB2-4344-A408-5848A7320516}.Release|Any CPU.Build.0 = Release|Any CPU
		{23A9F93F-D4CF-4636-A3F5-A122491FC15D}.Debug|Any CPU.ActiveCfg = Debug|Any CPU
		{23A9F93F-D4CF-4636-A3F5-A122491FC15D}.Debug|Any CPU.Build.0 = Debug|Any CPU
		{23A9F93F-D4CF-4636-A3F5-A122491FC15D}.Release|Any CPU.ActiveCfg = Release|Any CPU
		{23A9F93F-D4CF-4636-A3F5-A122491FC15D}.Release|Any CPU.Build.0 = Release|Any CPU
		{1DA4D835-D509-49B7-B274-5EA8F926A1A8}.Debug|Any CPU.ActiveCfg = Debug|Any CPU
		{1DA4D835-D509-49B7-B274-5EA8F926A1A8}.Debug|Any CPU.Build.0 = Debug|Any CPU
		{1DA4D835-D509-49B7-B274-5EA8F926A1A8}.Release|Any CPU.ActiveCfg = Release|Any CPU
		{1DA4D835-D509-49B7-B274-5EA8F926A1A8}.Release|Any CPU.Build.0 = Release|Any CPU
		{557A0B86-F4F2-4DA1-8F8B-FEAAC0A193F2}.Debug|Any CPU.ActiveCfg = Debug|Any CPU
		{557A0B86-F4F2-4DA1-8F8B-FEAAC0A193F2}.Debug|Any CPU.Build.0 = Debug|Any CPU
		{557A0B86-F4F2-4DA1-8F8B-FEAAC0A193F2}.Release|Any CPU.ActiveCfg = Release|Any CPU
		{557A0B86-F4F2-4DA1-8F8B-FEAAC0A193F2}.Release|Any CPU.Build.0 = Release|Any CPU
		{9B6B737B-6902-4ACA-A4F6-3D8FDD09573F}.Debug|Any CPU.ActiveCfg = Debug|Any CPU
		{9B6B737B-6902-4ACA-A4F6-3D8FDD09573F}.Debug|Any CPU.Build.0 = Debug|Any CPU
		{9B6B737B-6902-4ACA-A4F6-3D8FDD09573F}.Release|Any CPU.ActiveCfg = Release|Any CPU
		{9B6B737B-6902-4ACA-A4F6-3D8FDD09573F}.Release|Any CPU.Build.0 = Release|Any CPU
		{34099453-6D7B-4829-8917-7CB958F75426}.Debug|Any CPU.ActiveCfg = Debug|Any CPU
		{34099453-6D7B-4829-8917-7CB958F75426}.Debug|Any CPU.Build.0 = Debug|Any CPU
		{34099453-6D7B-4829-8917-7CB958F75426}.Release|Any CPU.ActiveCfg = Release|Any CPU
		{34099453-6D7B-4829-8917-7CB958F75426}.Release|Any CPU.Build.0 = Release|Any CPU
		{CB54864B-B7D1-444B-96CA-C67E69ABE03A}.Debug|Any CPU.ActiveCfg = Debug|Any CPU
		{CB54864B-B7D1-444B-96CA-C67E69ABE03A}.Debug|Any CPU.Build.0 = Debug|Any CPU
		{CB54864B-B7D1-444B-96CA-C67E69ABE03A}.Release|Any CPU.ActiveCfg = Release|Any CPU
		{CB54864B-B7D1-444B-96CA-C67E69ABE03A}.Release|Any CPU.Build.0 = Release|Any CPU
		{B54798D5-8B21-46A3-82DB-7E6C5C389A94}.Debug|Any CPU.ActiveCfg = Debug|Any CPU
		{B54798D5-8B21-46A3-82DB-7E6C5C389A94}.Debug|Any CPU.Build.0 = Debug|Any CPU
		{B54798D5-8B21-46A3-82DB-7E6C5C389A94}.Release|Any CPU.ActiveCfg = Release|Any CPU
		{B54798D5-8B21-46A3-82DB-7E6C5C389A94}.Release|Any CPU.Build.0 = Release|Any CPU
		{103153AF-3E5D-432B-AAE9-50E84B311F04}.Debug|Any CPU.ActiveCfg = Debug|Any CPU
		{103153AF-3E5D-432B-AAE9-50E84B311F04}.Debug|Any CPU.Build.0 = Debug|Any CPU
		{103153AF-3E5D-432B-AAE9-50E84B311F04}.Release|Any CPU.ActiveCfg = Release|Any CPU
		{103153AF-3E5D-432B-AAE9-50E84B311F04}.Release|Any CPU.Build.0 = Release|Any CPU
		{A810CA74-F7CB-4518-B64A-08BFDCB37992}.Debug|Any CPU.ActiveCfg = Debug|Any CPU
		{A810CA74-F7CB-4518-B64A-08BFDCB37992}.Debug|Any CPU.Build.0 = Debug|Any CPU
		{A810CA74-F7CB-4518-B64A-08BFDCB37992}.Release|Any CPU.ActiveCfg = Release|Any CPU
		{A810CA74-F7CB-4518-B64A-08BFDCB37992}.Release|Any CPU.Build.0 = Release|Any CPU
		{7A219BCE-2BCC-42CA-B1B4-8C941C068654}.Debug|Any CPU.ActiveCfg = Debug|Any CPU
		{7A219BCE-2BCC-42CA-B1B4-8C941C068654}.Debug|Any CPU.Build.0 = Debug|Any CPU
		{7A219BCE-2BCC-42CA-B1B4-8C941C068654}.Release|Any CPU.ActiveCfg = Release|Any CPU
		{7A219BCE-2BCC-42CA-B1B4-8C941C068654}.Release|Any CPU.Build.0 = Release|Any CPU
		{1C0E3B26-C416-490B-8090-44862DE58EDD}.Debug|Any CPU.ActiveCfg = Debug|Any CPU
		{1C0E3B26-C416-490B-8090-44862DE58EDD}.Debug|Any CPU.Build.0 = Debug|Any CPU
		{1C0E3B26-C416-490B-8090-44862DE58EDD}.Release|Any CPU.ActiveCfg = Release|Any CPU
		{1C0E3B26-C416-490B-8090-44862DE58EDD}.Release|Any CPU.Build.0 = Release|Any CPU
	EndGlobalSection
	GlobalSection(SolutionProperties) = preSolution
		HideSolutionNode = FALSE
	EndGlobalSection
EndGlobal
